
Microsoft Visual Studio Solution File, Format Version 12.00
# Visual Studio Version 17
VisualStudioVersion = 17.10.35013.160
MinimumVisualStudioVersion = 10.0.40219.1
Project("{8BC9CEB8-8B4A-11D0-8D11-00A0C91BC942}") = "library", "library\library.vcxproj", "{3789EC03-845A-4397-A869-98F011EA8790}"
EndProject
Project("{8BC9CEB8-8B4A-11D0-8D11-00A0C91BC942}") = "loader", "loader\loader.vcxproj", "{F75E0A32-C6C8-4B4C-AC91-A4C79EF2887D}"
	ProjectSection(ProjectDependencies) = postProject
		{3789EC03-845A-4397-A869-98F011EA8790} = {3789EC03-845A-4397-A869-98F011EA8790}
	EndProjectSection
EndProject
Global
	GlobalSection(SolutionConfigurationPlatforms) = preSolution
		Debug|x64 = Debug|x64
		Debug|x86 = Debug|x86
		Release|x64 = Release|x64
		Release|x86 = Release|x86
	EndGlobalSection
	GlobalSection(ProjectConfigurationPlatforms) = postSolution
		{3789EC03-845A-4397-A869-98F011EA8790}.Debug|x64.ActiveCfg = Debug|x64
		{3789EC03-845A-4397-A869-98F011EA8790}.Debug|x64.Build.0 = Debug|x64
		{3789EC03-845A-4397-A869-98F011EA8790}.Debug|x86.ActiveCfg = Debug|Win32
		{3789EC03-845A-4397-A869-98F011EA8790}.Debug|x86.Build.0 = Debug|Win32
		{3789EC03-845A-4397-A869-98F011EA8790}.Release|x64.ActiveCfg = Release|x64
		{3789EC03-845A-4397-A869-98F011EA8790}.Release|x64.Build.0 = Release|x64
		{3789EC03-845A-4397-A869-98F011EA8790}.Release|x86.ActiveCfg = Release|Win32
		{3789EC03-845A-4397-A869-98F011EA8790}.Release|x86.Build.0 = Release|Win32
		{F75E0A32-C6C8-4B4C-AC91-A4C79EF2887D}.Debug|x64.ActiveCfg = Debug|x64
		{F75E0A32-C6C8-4B4C-AC91-A4C79EF2887D}.Debug|x64.Build.0 = Debug|x64
		{F75E0A32-C6C8-4B4C-AC91-A4C79EF2887D}.Debug|x86.ActiveCfg = Debug|Win32
		{F75E0A32-C6C8-4B4C-AC91-A4C79EF2887D}.Debug|x86.Build.0 = Debug|Win32
		{F75E0A32-C6C8-4B4C-AC91-A4C79EF2887D}.Release|x64.ActiveCfg = Release|x64
		{F75E0A32-C6C8-4B4C-AC91-A4C79EF2887D}.Release|x64.Build.0 = Release|x64
		{F75E0A32-C6C8-4B4C-AC91-A4C79EF2887D}.Release|x86.ActiveCfg = Release|Win32
		{F75E0A32-C6C8-4B4C-AC91-A4C79EF2887D}.Release|x86.Build.0 = Release|Win32
	EndGlobalSection
	GlobalSection(SolutionProperties) = preSolution
		HideSolutionNode = FALSE
	EndGlobalSection
	GlobalSection(ExtensibilityGlobals) = postSolution
		SolutionGuid = {A0EC580C-37D5-4BF0-9F78-0D68177D9017}
	EndGlobalSection
EndGlobal
